
Microsoft Visual Studio Solution File, Format Version 12.00
# Visual Studio Version 17
VisualStudioVersion = 17.6.33815.320
MinimumVisualStudioVersion = 10.0.40219.1
Project("{FAE04EC0-301F-11D3-BF4B-00C04F79EFBC}") = "Nav", "Nav.csproj", "{06B722E0-48F1-4DC7-8960-2E2D1C8DCE3B}"
EndProject
Global
	GlobalSection(SolutionConfigurationPlatforms) = preSolution
		Debug|Any CPU = Debug|Any CPU
		Release|Any CPU = Release|Any CPU
	EndGlobalSection
	GlobalSection(ProjectConfigurationPlatforms) = postSolution
		{06B722E0-48F1-4DC7-8960-2E2D1C8DCE3B}.Debug|Any CPU.ActiveCfg = Debug|Any CPU
		{06B722E0-48F1-4DC7-8960-2E2D1C8DCE3B}.Debug|Any CPU.Build.0 = Debug|Any CPU
		{06B722E0-48F1-4DC7-8960-2E2D1C8DCE3B}.Release|Any CPU.ActiveCfg = Release|Any CPU
		{06B722E0-48F1-4DC7-8960-2E2D1C8DCE3B}.Release|Any CPU.Build.0 = Release|Any CPU
	EndGlobalSection
	GlobalSection(SolutionProperties) = preSolution
		HideSolutionNode = FALSE
	EndGlobalSection
	GlobalSection(ExtensibilityGlobals) = postSolution
		SolutionGuid = {11E9CE38-0AD2-46C9-B26E-AF72DC261B57}
	EndGlobalSection
EndGlobal
